
Microsoft Visual Studio Solution File, Format Version 12.00
# Visual Studio Version 16
VisualStudioVersion = 16.0.30225.117
MinimumVisualStudioVersion = 10.0.40219.1
Project("{FAE04EC0-301F-11D3-BF4B-00C04F79EFBC}") = "Taxi.Common", "Taxi.Common\Taxi.Common.csproj", "{036A9803-0FF7-4C6D-B587-1EA23F79E291}"
EndProject
Project("{FAE04EC0-301F-11D3-BF4B-00C04F79EFBC}") = "Taxi.Web", "Taxi.Web\Taxi.Web.csproj", "{010E5A92-5BBB-4CB4-A229-0925B6246BF6}"
EndProject
Project("{FAE04EC0-301F-11D3-BF4B-00C04F79EFBC}") = "Taxi.Prism", "Taxi.Prism\Taxi.Prism\Taxi.Prism.csproj", "{1198B0C5-838F-46F6-9344-33EF1A294445}"
EndProject
Project("{FAE04EC0-301F-11D3-BF4B-00C04F79EFBC}") = "Taxi.Prism.Android", "Taxi.Prism\Taxi.Prism.Android\Taxi.Prism.Android.csproj", "{1CD4F798-CD01-429E-915E-8F0CED9C5896}"
EndProject
Project("{FAE04EC0-301F-11D3-BF4B-00C04F79EFBC}") = "Taxi.Prism.iOS", "Taxi.Prism\Taxi.Prism.iOS\Taxi.Prism.iOS.csproj", "{3E3604B7-DA0C-4143-BFDC-6D008226A283}"
EndProject
Project("{FAE04EC0-301F-11D3-BF4B-00C04F79EFBC}") = "Taxi.Cross.Android", "Taxi.Cross.Android\Taxi.Cross.Android.csproj", "{17C87C6D-8EDB-4587-B153-9F2291829DFB}"
EndProject
Project("{FAE04EC0-301F-11D3-BF4B-00C04F79EFBC}") = "Taxi.Cross.IOS", "Taxi.Cross.IOS\Taxi.Cross.IOS.csproj", "{290F842B-9F11-459A-973A-608DDB3D496A}"
EndProject
Global
	GlobalSection(SolutionConfigurationPlatforms) = preSolution
		Ad-Hoc|Any CPU = Ad-Hoc|Any CPU
		Ad-Hoc|iPhone = Ad-Hoc|iPhone
		Ad-Hoc|iPhoneSimulator = Ad-Hoc|iPhoneSimulator
		AppStore|Any CPU = AppStore|Any CPU
		AppStore|iPhone = AppStore|iPhone
		AppStore|iPhoneSimulator = AppStore|iPhoneSimulator
		Debug|Any CPU = Debug|Any CPU
		Debug|iPhone = Debug|iPhone
		Debug|iPhoneSimulator = Debug|iPhoneSimulator
		Release|Any CPU = Release|Any CPU
		Release|iPhone = Release|iPhone
		Release|iPhoneSimulator = Release|iPhoneSimulator
	EndGlobalSection
	GlobalSection(ProjectConfigurationPlatforms) = postSolution
		{036A9803-0FF7-4C6D-B587-1EA23F79E291}.Ad-Hoc|Any CPU.ActiveCfg = Debug|Any CPU
		{036A9803-0FF7-4C6D-B587-1EA23F79E291}.Ad-Hoc|Any CPU.Build.0 = Debug|Any CPU
		{036A9803-0FF7-4C6D-B587-1EA23F79E291}.Ad-Hoc|iPhone.ActiveCfg = Debug|Any CPU
		{036A9803-0FF7-4C6D-B587-1EA23F79E291}.Ad-Hoc|iPhone.Build.0 = Debug|Any CPU
		{036A9803-0FF7-4C6D-B587-1EA23F79E291}.Ad-Hoc|iPhoneSimulator.ActiveCfg = Debug|Any CPU
		{036A9803-0FF7-4C6D-B587-1EA23F79E291}.Ad-Hoc|iPhoneSimulator.Build.0 = Debug|Any CPU
		{036A9803-0FF7-4C6D-B587-1EA23F79E291}.AppStore|Any CPU.ActiveCfg = Debug|Any CPU
		{036A9803-0FF7-4C6D-B587-1EA23F79E291}.AppStore|Any CPU.Build.0 = Debug|Any CPU
		{036A9803-0FF7-4C6D-B587-1EA23F79E291}.AppStore|iPhone.ActiveCfg = Debug|Any CPU
		{036A9803-0FF7-4C6D-B587-1EA23F79E291}.AppStore|iPhone.Build.0 = Debug|Any CPU
		{036A9803-0FF7-4C6D-B587-1EA23F79E291}.AppStore|iPhoneSimulator.ActiveCfg = Debug|Any CPU
		{036A9803-0FF7-4C6D-B587-1EA23F79E291}.AppStore|iPhoneSimulator.Build.0 = Debug|Any CPU
		{036A9803-0FF7-4C6D-B587-1EA23F79E291}.Debug|Any CPU.ActiveCfg = Debug|Any CPU
		{036A9803-0FF7-4C6D-B587-1EA23F79E291}.Debug|Any CPU.Build.0 = Debug|Any CPU
		{036A9803-0FF7-4C6D-B587-1EA23F79E291}.Debug|iPhone.ActiveCfg = Debug|Any CPU
		{036A9803-0FF7-4C6D-B587-1EA23F79E291}.Debug|iPhone.Build.0 = Debug|Any CPU
		{036A9803-0FF7-4C6D-B587-1EA23F79E291}.Debug|iPhoneSimulator.ActiveCfg = Debug|Any CPU
		{036A9803-0FF7-4C6D-B587-1EA23F79E291}.Debug|iPhoneSimulator.Build.0 = Debug|Any CPU
		{036A9803-0FF7-4C6D-B587-1EA23F79E291}.Release|Any CPU.ActiveCfg = Release|Any CPU
		{036A9803-0FF7-4C6D-B587-1EA23F79E291}.Release|Any CPU.Build.0 = Release|Any CPU
		{036A9803-0FF7-4C6D-B587-1EA23F79E291}.Release|iPhone.ActiveCfg = Release|Any CPU
		{036A9803-0FF7-4C6D-B587-1EA23F79E291}.Release|iPhone.Build.0 = Release|Any CPU
		{036A9803-0FF7-4C6D-B587-1EA23F79E291}.Release|iPhoneSimulator.ActiveCfg = Release|Any CPU
		{036A9803-0FF7-4C6D-B587-1EA23F79E291}.Release|iPhoneSimulator.Build.0 = Release|Any CPU
		{010E5A92-5BBB-4CB4-A229-0925B6246BF6}.Ad-Hoc|Any CPU.ActiveCfg = Debug|Any CPU
		{010E5A92-5BBB-4CB4-A229-0925B6246BF6}.Ad-Hoc|Any CPU.Build.0 = Debug|Any CPU
		{010E5A92-5BBB-4CB4-A229-0925B6246BF6}.Ad-Hoc|iPhone.ActiveCfg = Debug|Any CPU
		{010E5A92-5BBB-4CB4-A229-0925B6246BF6}.Ad-Hoc|iPhone.Build.0 = Debug|Any CPU
		{010E5A92-5BBB-4CB4-A229-0925B6246BF6}.Ad-Hoc|iPhoneSimulator.ActiveCfg = Debug|Any CPU
		{010E5A92-5BBB-4CB4-A229-0925B6246BF6}.Ad-Hoc|iPhoneSimulator.Build.0 = Debug|Any CPU
		{010E5A92-5BBB-4CB4-A229-0925B6246BF6}.AppStore|Any CPU.ActiveCfg = Debug|Any CPU
		{010E5A92-5BBB-4CB4-A229-0925B6246BF6}.AppStore|Any CPU.Build.0 = Debug|Any CPU
		{010E5A92-5BBB-4CB4-A229-0925B6246BF6}.AppStore|iPhone.ActiveCfg = Debug|Any CPU
		{010E5A92-5BBB-4CB4-A229-0925B6246BF6}.AppStore|iPhone.Build.0 = Debug|Any CPU
		{010E5A92-5BBB-4CB4-A229-0925B6246BF6}.AppStore|iPhoneSimulator.ActiveCfg = Debug|Any CPU
		{010E5A92-5BBB-4CB4-A229-0925B6246BF6}.AppStore|iPhoneSimulator.Build.0 = Debug|Any CPU
		{010E5A92-5BBB-4CB4-A229-0925B6246BF6}.Debug|Any CPU.ActiveCfg = Debug|Any CPU
		{010E5A92-5BBB-4CB4-A229-0925B6246BF6}.Debug|Any CPU.Build.0 = Debug|Any CPU
		{010E5A92-5BBB-4CB4-A229-0925B6246BF6}.Debug|iPhone.ActiveCfg = Debug|Any CPU
		{010E5A92-5BBB-4CB4-A229-0925B6246BF6}.Debug|iPhone.Build.0 = Debug|Any CPU
		{010E5A92-5BBB-4CB4-A229-0925B6246BF6}.Debug|iPhoneSimulator.ActiveCfg = Debug|Any CPU
		{010E5A92-5BBB-4CB4-A229-0925B6246BF6}.Debug|iPhoneSimulator.Build.0 = Debug|Any CPU
		{010E5A92-5BBB-4CB4-A229-0925B6246BF6}.Release|Any CPU.ActiveCfg = Release|Any CPU
		{010E5A92-5BBB-4CB4-A229-0925B6246BF6}.Release|Any CPU.Build.0 = Release|Any CPU
		{010E5A92-5BBB-4CB4-A229-0925B6246BF6}.Release|iPhone.ActiveCfg = Release|Any CPU
		{010E5A92-5BBB-4CB4-A229-0925B6246BF6}.Release|iPhone.Build.0 = Release|Any CPU
		{010E5A92-5BBB-4CB4-A229-0925B6246BF6}.Release|iPhoneSimulator.ActiveCfg = Release|Any CPU
		{010E5A92-5BBB-4CB4-A229-0925B6246BF6}.Release|iPhoneSimulator.Build.0 = Release|Any CPU
		{1198B0C5-838F-46F6-9344-33EF1A294445}.Ad-Hoc|Any CPU.ActiveCfg = Debug|Any CPU
		{1198B0C5-838F-46F6-9344-33EF1A294445}.Ad-Hoc|Any CPU.Build.0 = Debug|Any CPU
		{1198B0C5-838F-46F6-9344-33EF1A294445}.Ad-Hoc|iPhone.ActiveCfg = Debug|Any CPU
		{1198B0C5-838F-46F6-9344-33EF1A294445}.Ad-Hoc|iPhone.Build.0 = Debug|Any CPU
		{1198B0C5-838F-46F6-9344-33EF1A294445}.Ad-Hoc|iPhoneSimulator.ActiveCfg = Debug|Any CPU
		{1198B0C5-838F-46F6-9344-33EF1A294445}.Ad-Hoc|iPhoneSimulator.Build.0 = Debug|Any CPU
		{1198B0C5-838F-46F6-9344-33EF1A294445}.AppStore|Any CPU.ActiveCfg = Debug|Any CPU
		{1198B0C5-838F-46F6-9344-33EF1A294445}.AppStore|Any CPU.Build.0 = Debug|Any CPU
		{1198B0C5-838F-46F6-9344-33EF1A294445}.AppStore|iPhone.ActiveCfg = Debug|Any CPU
		{1198B0C5-838F-46F6-9344-33EF1A294445}.AppStore|iPhone.Build.0 = Debug|Any CPU
		{1198B0C5-838F-46F6-9344-33EF1A294445}.AppStore|iPhoneSimulator.ActiveCfg = Debug|Any CPU
		{1198B0C5-838F-46F6-9344-33EF1A294445}.AppStore|iPhoneSimulator.Build.0 = Debug|Any CPU
		{1198B0C5-838F-46F6-9344-33EF1A294445}.Debug|Any CPU.ActiveCfg = Debug|Any CPU
		{1198B0C5-838F-46F6-9344-33EF1A294445}.Debug|Any CPU.Build.0 = Debug|Any CPU
		{1198B0C5-838F-46F6-9344-33EF1A294445}.Debug|iPhone.ActiveCfg = Debug|Any CPU
		{1198B0C5-838F-46F6-9344-33EF1A294445}.Debug|iPhone.Build.0 = Debug|Any CPU
		{1198B0C5-838F-46F6-9344-33EF1A294445}.Debug|iPhoneSimulator.ActiveCfg = Debug|Any CPU
		{1198B0C5-838F-46F6-9344-33EF1A294445}.Debug|iPhoneSimulator.Build.0 = Debug|Any CPU
		{1198B0C5-838F-46F6-9344-33EF1A294445}.Release|Any CPU.ActiveCfg = Release|Any CPU
		{1198B0C5-838F-46F6-9344-33EF1A294445}.Release|Any CPU.Build.0 = Release|Any CPU
		{1198B0C5-838F-46F6-9344-33EF1A294445}.Release|iPhone.ActiveCfg = Release|Any CPU
		{1198B0C5-838F-46F6-9344-33EF1A294445}.Release|iPhone.Build.0 = Release|Any CPU
		{1198B0C5-838F-46F6-9344-33EF1A294445}.Release|iPhoneSimulator.ActiveCfg = Release|Any CPU
		{1198B0C5-838F-46F6-9344-33EF1A294445}.Release|iPhoneSimulator.Build.0 = Release|Any CPU
		{1CD4F798-CD01-429E-915E-8F0CED9C5896}.Ad-Hoc|Any CPU.ActiveCfg = Release|Any CPU
		{1CD4F798-CD01-429E-915E-8F0CED9C5896}.Ad-Hoc|Any CPU.Build.0 = Release|Any CPU
		{1CD4F798-CD01-429E-915E-8F0CED9C5896}.Ad-Hoc|Any CPU.Deploy.0 = Release|Any CPU
		{1CD4F798-CD01-429E-915E-8F0CED9C5896}.Ad-Hoc|iPhone.ActiveCfg = Release|Any CPU
		{1CD4F798-CD01-429E-915E-8F0CED9C5896}.Ad-Hoc|iPhone.Build.0 = Release|Any CPU
		{1CD4F798-CD01-429E-915E-8F0CED9C5896}.Ad-Hoc|iPhone.Deploy.0 = Release|Any CPU
		{1CD4F798-CD01-429E-915E-8F0CED9C5896}.Ad-Hoc|iPhoneSimulator.ActiveCfg = Release|Any CPU
		{1CD4F798-CD01-429E-915E-8F0CED9C5896}.Ad-Hoc|iPhoneSimulator.Build.0 = Release|Any CPU
		{1CD4F798-CD01-429E-915E-8F0CED9C5896}.Ad-Hoc|iPhoneSimulator.Deploy.0 = Release|Any CPU
		{1CD4F798-CD01-429E-915E-8F0CED9C5896}.AppStore|Any CPU.ActiveCfg = Release|Any CPU
		{1CD4F798-CD01-429E-915E-8F0CED9C5896}.AppStore|Any CPU.Build.0 = Release|Any CPU
		{1CD4F798-CD01-429E-915E-8F0CED9C5896}.AppStore|Any CPU.Deploy.0 = Release|Any CPU
		{1CD4F798-CD01-429E-915E-8F0CED9C5896}.AppStore|iPhone.ActiveCfg = Release|Any CPU
		{1CD4F798-CD01-429E-915E-8F0CED9C5896}.AppStore|iPhone.Build.0 = Release|Any CPU
		{1CD4F798-CD01-429E-915E-8F0CED9C5896}.AppStore|iPhone.Deploy.0 = Release|Any CPU
		{1CD4F798-CD01-429E-915E-8F0CED9C5896}.AppStore|iPhoneSimulator.ActiveCfg = Release|Any CPU
		{1CD4F798-CD01-429E-915E-8F0CED9C5896}.AppStore|iPhoneSimulator.Build.0 = Release|Any CPU
		{1CD4F798-CD01-429E-915E-8F0CED9C5896}.AppStore|iPhoneSimulator.Deploy.0 = Release|Any CPU
		{1CD4F798-CD01-429E-915E-8F0CED9C5896}.Debug|Any CPU.ActiveCfg = Debug|Any CPU
		{1CD4F798-CD01-429E-915E-8F0CED9C5896}.Debug|Any CPU.Build.0 = Debug|Any CPU
		{1CD4F798-CD01-429E-915E-8F0CED9C5896}.Debug|Any CPU.Deploy.0 = Debug|Any CPU
		{1CD4F798-CD01-429E-915E-8F0CED9C5896}.Debug|iPhone.ActiveCfg = Debug|Any CPU
		{1CD4F798-CD01-429E-915E-8F0CED9C5896}.Debug|iPhone.Build.0 = Debug|Any CPU
		{1CD4F798-CD01-429E-915E-8F0CED9C5896}.Debug|iPhone.Deploy.0 = Debug|Any CPU
		{1CD4F798-CD01-429E-915E-8F0CED9C5896}.Debug|iPhoneSimulator.ActiveCfg = Debug|Any CPU
		{1CD4F798-CD01-429E-915E-8F0CED9C5896}.Debug|iPhoneSimulator.Build.0 = Debug|Any CPU
		{1CD4F798-CD01-429E-915E-8F0CED9C5896}.Debug|iPhoneSimulator.Deploy.0 = Debug|Any CPU
		{1CD4F798-CD01-429E-915E-8F0CED9C5896}.Release|Any CPU.ActiveCfg = Release|Any CPU
		{1CD4F798-CD01-429E-915E-8F0CED9C5896}.Release|Any CPU.Build.0 = Release|Any CPU
		{1CD4F798-CD01-429E-915E-8F0CED9C5896}.Release|Any CPU.Deploy.0 = Release|Any CPU
		{1CD4F798-CD01-429E-915E-8F0CED9C5896}.Release|iPhone.ActiveCfg = Release|Any CPU
		{1CD4F798-CD01-429E-915E-8F0CED9C5896}.Release|iPhone.Build.0 = Release|Any CPU
		{1CD4F798-CD01-429E-915E-8F0CED9C5896}.Release|iPhone.Deploy.0 = Release|Any CPU
		{1CD4F798-CD01-429E-915E-8F0CED9C5896}.Release|iPhoneSimulator.ActiveCfg = Release|Any CPU
		{1CD4F798-CD01-429E-915E-8F0CED9C5896}.Release|iPhoneSimulator.Build.0 = Release|Any CPU
		{1CD4F798-CD01-429E-915E-8F0CED9C5896}.Release|iPhoneSimulator.Deploy.0 = Release|Any CPU
		{3E3604B7-DA0C-4143-BFDC-6D008226A283}.Ad-Hoc|Any CPU.ActiveCfg = Ad-Hoc|iPhone
		{3E3604B7-DA0C-4143-BFDC-6D008226A283}.Ad-Hoc|iPhone.ActiveCfg = Ad-Hoc|iPhone
		{3E3604B7-DA0C-4143-BFDC-6D008226A283}.Ad-Hoc|iPhone.Build.0 = Ad-Hoc|iPhone
		{3E3604B7-DA0C-4143-BFDC-6D008226A283}.Ad-Hoc|iPhoneSimulator.ActiveCfg = Ad-Hoc|iPhoneSimulator
		{3E3604B7-DA0C-4143-BFDC-6D008226A283}.Ad-Hoc|iPhoneSimulator.Build.0 = Ad-Hoc|iPhoneSimulator
		{3E3604B7-DA0C-4143-BFDC-6D008226A283}.AppStore|Any CPU.ActiveCfg = AppStore|iPhone
		{3E3604B7-DA0C-4143-BFDC-6D008226A283}.AppStore|iPhone.ActiveCfg = AppStore|iPhone
		{3E3604B7-DA0C-4143-BFDC-6D008226A283}.AppStore|iPhone.Build.0 = AppStore|iPhone
		{3E3604B7-DA0C-4143-BFDC-6D008226A283}.AppStore|iPhoneSimulator.ActiveCfg = AppStore|iPhoneSimulator
		{3E3604B7-DA0C-4143-BFDC-6D008226A283}.AppStore|iPhoneSimulator.Build.0 = AppStore|iPhoneSimulator
		{3E3604B7-DA0C-4143-BFDC-6D008226A283}.Debug|Any CPU.ActiveCfg = Debug|iPhone
		{3E3604B7-DA0C-4143-BFDC-6D008226A283}.Debug|iPhone.ActiveCfg = Debug|iPhone
		{3E3604B7-DA0C-4143-BFDC-6D008226A283}.Debug|iPhone.Build.0 = Debug|iPhone
		{3E3604B7-DA0C-4143-BFDC-6D008226A283}.Debug|iPhoneSimulator.ActiveCfg = Debug|iPhoneSimulator
		{3E3604B7-DA0C-4143-BFDC-6D008226A283}.Debug|iPhoneSimulator.Build.0 = Debug|iPhoneSimulator
		{3E3604B7-DA0C-4143-BFDC-6D008226A283}.Release|Any CPU.ActiveCfg = Release|iPhone
		{3E3604B7-DA0C-4143-BFDC-6D008226A283}.Release|iPhone.ActiveCfg = Release|iPhone
		{3E3604B7-DA0C-4143-BFDC-6D008226A283}.Release|iPhone.Build.0 = Release|iPhone
		{3E3604B7-DA0C-4143-BFDC-6D008226A283}.Release|iPhoneSimulator.ActiveCfg = Release|iPhoneSimulator
		{3E3604B7-DA0C-4143-BFDC-6D008226A283}.Release|iPhoneSimulator.Build.0 = Release|iPhoneSimulator
		{17C87C6D-8EDB-4587-B153-9F2291829DFB}.Ad-Hoc|Any CPU.ActiveCfg = Release|Any CPU
		{17C87C6D-8EDB-4587-B153-9F2291829DFB}.Ad-Hoc|Any CPU.Build.0 = Release|Any CPU
		{17C87C6D-8EDB-4587-B153-9F2291829DFB}.Ad-Hoc|Any CPU.Deploy.0 = Release|Any CPU
		{17C87C6D-8EDB-4587-B153-9F2291829DFB}.Ad-Hoc|iPhone.ActiveCfg = Release|Any CPU
		{17C87C6D-8EDB-4587-B153-9F2291829DFB}.Ad-Hoc|iPhone.Build.0 = Release|Any CPU
		{17C87C6D-8EDB-4587-B153-9F2291829DFB}.Ad-Hoc|iPhone.Deploy.0 = Release|Any CPU
		{17C87C6D-8EDB-4587-B153-9F2291829DFB}.Ad-Hoc|iPhoneSimulator.ActiveCfg = Release|Any CPU
		{17C87C6D-8EDB-4587-B153-9F2291829DFB}.Ad-Hoc|iPhoneSimulator.Build.0 = Release|Any CPU
		{17C87C6D-8EDB-4587-B153-9F2291829DFB}.Ad-Hoc|iPhoneSimulator.Deploy.0 = Release|Any CPU
		{17C87C6D-8EDB-4587-B153-9F2291829DFB}.AppStore|Any CPU.ActiveCfg = Release|Any CPU
		{17C87C6D-8EDB-4587-B153-9F2291829DFB}.AppStore|Any CPU.Build.0 = Release|Any CPU
		{17C87C6D-8EDB-4587-B153-9F2291829DFB}.AppStore|Any CPU.Deploy.0 = Release|Any CPU
		{17C87C6D-8EDB-4587-B153-9F2291829DFB}.AppStore|iPhone.ActiveCfg = Release|Any CPU
		{17C87C6D-8EDB-4587-B153-9F2291829DFB}.AppStore|iPhone.Build.0 = Release|Any CPU
		{17C87C6D-8EDB-4587-B153-9F2291829DFB}.AppStore|iPhone.Deploy.0 = Release|Any CPU
		{17C87C6D-8EDB-4587-B153-9F2291829DFB}.AppStore|iPhoneSimulator.ActiveCfg = Release|Any CPU
		{17C87C6D-8EDB-4587-B153-9F2291829DFB}.AppStore|iPhoneSimulator.Build.0 = Release|Any CPU
		{17C87C6D-8EDB-4587-B153-9F2291829DFB}.AppStore|iPhoneSimulator.Deploy.0 = Release|Any CPU
		{17C87C6D-8EDB-4587-B153-9F2291829DFB}.Debug|Any CPU.ActiveCfg = Debug|Any CPU
		{17C87C6D-8EDB-4587-B153-9F2291829DFB}.Debug|Any CPU.Build.0 = Debug|Any CPU
		{17C87C6D-8EDB-4587-B153-9F2291829DFB}.Debug|Any CPU.Deploy.0 = Debug|Any CPU
		{17C87C6D-8EDB-4587-B153-9F2291829DFB}.Debug|iPhone.ActiveCfg = Debug|Any CPU
		{17C87C6D-8EDB-4587-B153-9F2291829DFB}.Debug|iPhone.Build.0 = Debug|Any CPU
		{17C87C6D-8EDB-4587-B153-9F2291829DFB}.Debug|iPhone.Deploy.0 = Debug|Any CPU
		{17C87C6D-8EDB-4587-B153-9F2291829DFB}.Debug|iPhoneSimulator.ActiveCfg = Debug|Any CPU
		{17C87C6D-8EDB-4587-B153-9F2291829DFB}.Debug|iPhoneSimulator.Build.0 = Debug|Any CPU
		{17C87C6D-8EDB-4587-B153-9F2291829DFB}.Debug|iPhoneSimulator.Deploy.0 = Debug|Any CPU
		{17C87C6D-8EDB-4587-B153-9F2291829DFB}.Release|Any CPU.ActiveCfg = Release|Any CPU
		{17C87C6D-8EDB-4587-B153-9F2291829DFB}.Release|Any CPU.Build.0 = Release|Any CPU
		{17C87C6D-8EDB-4587-B153-9F2291829DFB}.Release|Any CPU.Deploy.0 = Release|Any CPU
		{17C87C6D-8EDB-4587-B153-9F2291829DFB}.Release|iPhone.ActiveCfg = Release|Any CPU
		{17C87C6D-8EDB-4587-B153-9F2291829DFB}.Release|iPhone.Build.0 = Release|Any CPU
		{17C87C6D-8EDB-4587-B153-9F2291829DFB}.Release|iPhone.Deploy.0 = Release|Any CPU
		{17C87C6D-8EDB-4587-B153-9F2291829DFB}.Release|iPhoneSimulator.ActiveCfg = Release|Any CPU
		{17C87C6D-8EDB-4587-B153-9F2291829DFB}.Release|iPhoneSimulator.Build.0 = Release|Any CPU
		{17C87C6D-8EDB-4587-B153-9F2291829DFB}.Release|iPhoneSimulator.Deploy.0 = Release|Any CPU
		{290F842B-9F11-459A-973A-608DDB3D496A}.Ad-Hoc|Any CPU.ActiveCfg = Release|iPhone
		{290F842B-9F11-459A-973A-608DDB3D496A}.Ad-Hoc|Any CPU.Build.0 = Release|iPhone
		{290F842B-9F11-459A-973A-608DDB3D496A}.Ad-Hoc|iPhone.ActiveCfg = Release|iPhone
		{290F842B-9F11-459A-973A-608DDB3D496A}.Ad-Hoc|iPhone.Build.0 = Release|iPhone
		{290F842B-9F11-459A-973A-608DDB3D496A}.Ad-Hoc|iPhoneSimulator.ActiveCfg = Release|iPhoneSimulator
		{290F842B-9F11-459A-973A-608DDB3D496A}.Ad-Hoc|iPhoneSimulator.Build.0 = Release|iPhoneSimulator
		{290F842B-9F11-459A-973A-608DDB3D496A}.AppStore|Any CPU.ActiveCfg = Release|iPhone
		{290F842B-9F11-459A-973A-608DDB3D496A}.AppStore|Any CPU.Build.0 = Release|iPhone
		{290F842B-9F11-459A-973A-608DDB3D496A}.AppStore|iPhone.ActiveCfg = Release|iPhone
		{290F842B-9F11-459A-973A-608DDB3D496A}.AppStore|iPhone.Build.0 = Release|iPhone
		{290F842B-9F11-459A-973A-608DDB3D496A}.AppStore|iPhoneSimulator.ActiveCfg = Release|iPhoneSimulator
		{290F842B-9F11-459A-973A-608DDB3D496A}.AppStore|iPhoneSimulator.Build.0 = Release|iPhoneSimulator
		{290F842B-9F11-459A-973A-608DDB3D496A}.Debug|Any CPU.ActiveCfg = Debug|iPhone
		{290F842B-9F11-459A-973A-608DDB3D496A}.Debug|iPhone.ActiveCfg = Debug|iPhone
		{290F842B-9F11-459A-973A-608DDB3D496A}.Debug|iPhone.Build.0 = Debug|iPhone
		{290F842B-9F11-459A-973A-608DDB3D496A}.Debug|iPhoneSimulator.ActiveCfg = Debug|iPhoneSimulator
		{290F842B-9F11-459A-973A-608DDB3D496A}.Debug|iPhoneSimulator.Build.0 = Debug|iPhoneSimulator
		{290F842B-9F11-459A-973A-608DDB3D496A}.Release|Any CPU.ActiveCfg = Release|iPhone
		{290F842B-9F11-459A-973A-608DDB3D496A}.Release|iPhone.ActiveCfg = Release|iPhone
		{290F842B-9F11-459A-973A-608DDB3D496A}.Release|iPhone.Build.0 = Release|iPhone
		{290F842B-9F11-459A-973A-608DDB3D496A}.Release|iPhoneSimulator.ActiveCfg = Release|iPhoneSimulator
		{290F842B-9F11-459A-973A-608DDB3D496A}.Release|iPhoneSimulator.Build.0 = Release|iPhoneSimulator
	EndGlobalSection
	GlobalSection(SolutionProperties) = preSolution
		HideSolutionNode = FALSE
	EndGlobalSection
	GlobalSection(ExtensibilityGlobals) = postSolution
		SolutionGuid = {65CDD661-1DD5-4B7C-8011-CB940BF08481}
	EndGlobalSection
EndGlobal
